
Microsoft Visual Studio Solution File, Format Version 12.00
# Visual Studio 2013
VisualStudioVersion = 12.0.30501.0
MinimumVisualStudioVersion = 10.0.40219.1
Project("{FAE04EC0-301F-11D3-BF4B-00C04F79EFBC}") = "Samples.MVC4", "Samples.MVC4\Samples.MVC4.csproj", "{D66CF910-FD29-429D-9B51-40864E7C8E56}"
EndProject
Project("{FAE04EC0-301F-11D3-BF4B-00C04F79EFBC}") = "StackExchange.Exceptional", "StackExchange.Exceptional\StackExchange.Exceptional.csproj", "{DA84A7A0-8042-4B2B-A000-3579DD419D2A}"
EndProject
Project("{2150E333-8FDC-42A3-9474-1A3956D46DE8}") = "Solution Items", "Solution Items", "{9D33C076-4A0C-4366-89B8-9A735E6867EA}"
	ProjectSection(SolutionItems) = preProject
		LICENSE = LICENSE
		Readme.md = Readme.md
	EndProjectSection
EndProject
Project("{FAE04EC0-301F-11D3-BF4B-00C04F79EFBC}") = "Samples.Console", "Samples.Console\Samples.Console.csproj", "{61566A7A-8384-4D8D-A55D-B8647B0DDF7C}"
EndProject
Project("{FAE04EC0-301F-11D3-BF4B-00C04F79EFBC}") = "StackExchange.Exceptional.MySQL", "StackExchange.Exceptional.MySQL\StackExchange.Exceptional.MySQL.csproj", "{52031553-68D4-4B56-B5ED-867975972038}"
EndProject
Global
	GlobalSection(SolutionConfigurationPlatforms) = preSolution
		Debug|Any CPU = Debug|Any CPU
		Release|Any CPU = Release|Any CPU
	EndGlobalSection
	GlobalSection(ProjectConfigurationPlatforms) = postSolution
		{D66CF910-FD29-429D-9B51-40864E7C8E56}.Debug|Any CPU.ActiveCfg = Debug|Any CPU
		{D66CF910-FD29-429D-9B51-40864E7C8E56}.Debug|Any CPU.Build.0 = Debug|Any CPU
		{D66CF910-FD29-429D-9B51-40864E7C8E56}.Release|Any CPU.ActiveCfg = Release|Any CPU
		{D66CF910-FD29-429D-9B51-40864E7C8E56}.Release|Any CPU.Build.0 = Release|Any CPU
		{DA84A7A0-8042-4B2B-A000-3579DD419D2A}.Debug|Any CPU.ActiveCfg = Debug|Any CPU
		{DA84A7A0-8042-4B2B-A000-3579DD419D2A}.Debug|Any CPU.Build.0 = Debug|Any CPU
		{DA84A7A0-8042-4B2B-A000-3579DD419D2A}.Release|Any CPU.ActiveCfg = Release|Any CPU
		{DA84A7A0-8042-4B2B-A000-3579DD419D2A}.Release|Any CPU.Build.0 = Release|Any CPU
		{61566A7A-8384-4D8D-A55D-B8647B0DDF7C}.Debug|Any CPU.ActiveCfg = Debug|Any CPU
		{61566A7A-8384-4D8D-A55D-B8647B0DDF7C}.Debug|Any CPU.Build.0 = Debug|Any CPU
		{61566A7A-8384-4D8D-A55D-B8647B0DDF7C}.Release|Any CPU.ActiveCfg = Release|Any CPU
		{61566A7A-8384-4D8D-A55D-B8647B0DDF7C}.Release|Any CPU.Build.0 = Release|Any CPU
		{52031553-68D4-4B56-B5ED-867975972038}.Debug|Any CPU.ActiveCfg = Debug|Any CPU
		{52031553-68D4-4B56-B5ED-867975972038}.Debug|Any CPU.Build.0 = Debug|Any CPU
		{52031553-68D4-4B56-B5ED-867975972038}.Release|Any CPU.ActiveCfg = Release|Any CPU
		{52031553-68D4-4B56-B5ED-867975972038}.Release|Any CPU.Build.0 = Release|Any CPU
	EndGlobalSection
	GlobalSection(SolutionProperties) = preSolution
		HideSolutionNode = FALSE
	EndGlobalSection
EndGlobal
