
Microsoft Visual Studio Solution File, Format Version 12.00
# Visual Studio 15
VisualStudioVersion = 15.0.26906.1
MinimumVisualStudioVersion = 10.0.40219.1
Project("{2150E333-8FDC-42A3-9474-1A3956D46DE8}") = "global", "global", "{9D33C076-4A0C-4366-89B8-9A735E6867EA}"
	ProjectSection(SolutionItems) = preProject
		appveyor.yml = appveyor.yml
		build.cmd = build.cmd
		build.ps1 = build.ps1
		LICENSE-APACHE = LICENSE-APACHE
		LICENSE-MIT = LICENSE-MIT
		NuGet.config = NuGet.config
		Readme.md = Readme.md
		version.json = version.json
	EndProjectSection
EndProject
Project("{9A19103F-16F7-4668-BE54-9A1E7A4F7556}") = "Samples.MVC5", "samples\Samples.MVC5\Samples.MVC5.csproj", "{D66CF910-FD29-429D-9B51-40864E7C8E56}"
EndProject
Project("{9A19103F-16F7-4668-BE54-9A1E7A4F7556}") = "StackExchange.Exceptional", "src\StackExchange.Exceptional\StackExchange.Exceptional.csproj", "{DA84A7A0-8042-4B2B-A000-3579DD419D2A}"
EndProject
Project("{9A19103F-16F7-4668-BE54-9A1E7A4F7556}") = "Samples.Console", "samples\Samples.Console\Samples.Console.csproj", "{61566A7A-8384-4D8D-A55D-B8647B0DDF7C}"
EndProject
Project("{9A19103F-16F7-4668-BE54-9A1E7A4F7556}") = "StackExchange.Exceptional.MySQL", "src\StackExchange.Exceptional.MySQL\StackExchange.Exceptional.MySQL.csproj", "{52031553-68D4-4B56-B5ED-867975972038}"
EndProject
Project("{2150E333-8FDC-42A3-9474-1A3956D46DE8}") = "src", "src", "{8B91532F-A112-4F73-80BD-A95B7359BBC3}"
	ProjectSection(SolutionItems) = preProject
		src\Directory.build.props = src\Directory.build.props
	EndProjectSection
EndProject
Project("{2150E333-8FDC-42A3-9474-1A3956D46DE8}") = "samples", "samples", "{001E5AA4-42C8-4AC3-B14A-AF1DFA02E9FB}"
EndProject
Project("{9A19103F-16F7-4668-BE54-9A1E7A4F7556}") = "StackExchange.Exceptional.Shared", "src\StackExchange.Exceptional.Shared\StackExchange.Exceptional.Shared.csproj", "{D316FA70-8563-4360-A60F-1A43F3FA30E5}"
EndProject
Project("{2150E333-8FDC-42A3-9474-1A3956D46DE8}") = "DBScripts", "DBScripts", "{7669A017-BBDA-45B0-89B1-A9E0F2FD0BF8}"
	ProjectSection(SolutionItems) = preProject
		DBScripts\MySQL.sql = DBScripts\MySQL.sql
		DBScripts\PostgreSql.sql = DBScripts\PostgreSql.sql
		DBScripts\SqlServer.sql = DBScripts\SqlServer.sql
	EndProjectSection
EndProject
Project("{9A19103F-16F7-4668-BE54-9A1E7A4F7556}") = "StackExchange.Exceptional.AspNetCore", "src\StackExchange.Exceptional.AspNetCore\StackExchange.Exceptional.AspNetCore.csproj", "{78B3A2EE-DED6-45D7-BCE7-BF4B6FE03DF4}"
EndProject
Project("{9A19103F-16F7-4668-BE54-9A1E7A4F7556}") = "Samples.AspNetCore", "samples\Samples.AspNetCore\Samples.AspNetCore.csproj", "{B0C3902D-9A89-434A-A618-42B8A10A539E}"
EndProject
Project("{2150E333-8FDC-42A3-9474-1A3956D46DE8}") = "tests", "tests", "{7D435EF2-8616-460D-82DB-EF4D74EEC459}"
	ProjectSection(SolutionItems) = preProject
		tests\Directory.build.props = tests\Directory.build.props
	EndProjectSection
EndProject
Project("{9A19103F-16F7-4668-BE54-9A1E7A4F7556}") = "StackExchange.Exceptional.Tests.AspNetCore", "tests\StackExchange.Exceptional.Tests.AspNetCore\StackExchange.Exceptional.Tests.AspNetCore.csproj", "{30BDD61C-A94B-4558-BB58-E9EEC0B8B845}"
EndProject
Project("{9A19103F-16F7-4668-BE54-9A1E7A4F7556}") = "StackExchange.Exceptional.Tests", "tests\StackExchange.Exceptional.Tests\StackExchange.Exceptional.Tests.csproj", "{8CEB884A-A9A6-4974-AD2C-576AD7785474}"
EndProject
Project("{9A19103F-16F7-4668-BE54-9A1E7A4F7556}") = "StackExchange.Exceptional.PostgreSql", "src\StackExchange.Exceptional.PostgreSql\StackExchange.Exceptional.PostgreSql.csproj", "{0A412433-C2CE-4EBE-BB5A-C3E48983E941}"
EndProject
Project("{9A19103F-16F7-4668-BE54-9A1E7A4F7556}") = "StackExchange.Exceptional.MongoDB", "src\StackExchange.Exceptional.MongoDB\StackExchange.Exceptional.MongoDB.csproj", "{8CFA59A5-5180-4466-A32E-507F3D541163}"
EndProject
Global
	GlobalSection(SolutionConfigurationPlatforms) = preSolution
		Debug|Any CPU = Debug|Any CPU
		Release|Any CPU = Release|Any CPU
	EndGlobalSection
	GlobalSection(ProjectConfigurationPlatforms) = postSolution
		{D66CF910-FD29-429D-9B51-40864E7C8E56}.Debug|Any CPU.ActiveCfg = Debug|Any CPU
		{D66CF910-FD29-429D-9B51-40864E7C8E56}.Debug|Any CPU.Build.0 = Debug|Any CPU
		{D66CF910-FD29-429D-9B51-40864E7C8E56}.Release|Any CPU.ActiveCfg = Release|Any CPU
		{D66CF910-FD29-429D-9B51-40864E7C8E56}.Release|Any CPU.Build.0 = Release|Any CPU
		{DA84A7A0-8042-4B2B-A000-3579DD419D2A}.Debug|Any CPU.ActiveCfg = Debug|Any CPU
		{DA84A7A0-8042-4B2B-A000-3579DD419D2A}.Debug|Any CPU.Build.0 = Debug|Any CPU
		{DA84A7A0-8042-4B2B-A000-3579DD419D2A}.Release|Any CPU.ActiveCfg = Release|Any CPU
		{DA84A7A0-8042-4B2B-A000-3579DD419D2A}.Release|Any CPU.Build.0 = Release|Any CPU
		{61566A7A-8384-4D8D-A55D-B8647B0DDF7C}.Debug|Any CPU.ActiveCfg = Debug|Any CPU
		{61566A7A-8384-4D8D-A55D-B8647B0DDF7C}.Debug|Any CPU.Build.0 = Debug|Any CPU
		{61566A7A-8384-4D8D-A55D-B8647B0DDF7C}.Release|Any CPU.ActiveCfg = Release|Any CPU
		{61566A7A-8384-4D8D-A55D-B8647B0DDF7C}.Release|Any CPU.Build.0 = Release|Any CPU
		{52031553-68D4-4B56-B5ED-867975972038}.Debug|Any CPU.ActiveCfg = Debug|Any CPU
		{52031553-68D4-4B56-B5ED-867975972038}.Debug|Any CPU.Build.0 = Debug|Any CPU
		{52031553-68D4-4B56-B5ED-867975972038}.Release|Any CPU.ActiveCfg = Release|Any CPU
		{52031553-68D4-4B56-B5ED-867975972038}.Release|Any CPU.Build.0 = Release|Any CPU
		{D316FA70-8563-4360-A60F-1A43F3FA30E5}.Debug|Any CPU.ActiveCfg = Debug|Any CPU
		{D316FA70-8563-4360-A60F-1A43F3FA30E5}.Debug|Any CPU.Build.0 = Debug|Any CPU
		{D316FA70-8563-4360-A60F-1A43F3FA30E5}.Release|Any CPU.ActiveCfg = Release|Any CPU
		{D316FA70-8563-4360-A60F-1A43F3FA30E5}.Release|Any CPU.Build.0 = Release|Any CPU
		{78B3A2EE-DED6-45D7-BCE7-BF4B6FE03DF4}.Debug|Any CPU.ActiveCfg = Debug|Any CPU
		{78B3A2EE-DED6-45D7-BCE7-BF4B6FE03DF4}.Debug|Any CPU.Build.0 = Debug|Any CPU
		{78B3A2EE-DED6-45D7-BCE7-BF4B6FE03DF4}.Release|Any CPU.ActiveCfg = Release|Any CPU
		{78B3A2EE-DED6-45D7-BCE7-BF4B6FE03DF4}.Release|Any CPU.Build.0 = Release|Any CPU
		{B0C3902D-9A89-434A-A618-42B8A10A539E}.Debug|Any CPU.ActiveCfg = Debug|Any CPU
		{B0C3902D-9A89-434A-A618-42B8A10A539E}.Debug|Any CPU.Build.0 = Debug|Any CPU
		{B0C3902D-9A89-434A-A618-42B8A10A539E}.Release|Any CPU.ActiveCfg = Release|Any CPU
		{B0C3902D-9A89-434A-A618-42B8A10A539E}.Release|Any CPU.Build.0 = Release|Any CPU
		{30BDD61C-A94B-4558-BB58-E9EEC0B8B845}.Debug|Any CPU.ActiveCfg = Debug|Any CPU
		{30BDD61C-A94B-4558-BB58-E9EEC0B8B845}.Debug|Any CPU.Build.0 = Debug|Any CPU
		{30BDD61C-A94B-4558-BB58-E9EEC0B8B845}.Release|Any CPU.ActiveCfg = Release|Any CPU
		{30BDD61C-A94B-4558-BB58-E9EEC0B8B845}.Release|Any CPU.Build.0 = Release|Any CPU
		{8CEB884A-A9A6-4974-AD2C-576AD7785474}.Debug|Any CPU.ActiveCfg = Debug|Any CPU
		{8CEB884A-A9A6-4974-AD2C-576AD7785474}.Debug|Any CPU.Build.0 = Debug|Any CPU
		{8CEB884A-A9A6-4974-AD2C-576AD7785474}.Release|Any CPU.ActiveCfg = Release|Any CPU
		{8CEB884A-A9A6-4974-AD2C-576AD7785474}.Release|Any CPU.Build.0 = Release|Any CPU
		{0A412433-C2CE-4EBE-BB5A-C3E48983E941}.Debug|Any CPU.ActiveCfg = Debug|Any CPU
		{0A412433-C2CE-4EBE-BB5A-C3E48983E941}.Debug|Any CPU.Build.0 = Debug|Any CPU
		{0A412433-C2CE-4EBE-BB5A-C3E48983E941}.Release|Any CPU.ActiveCfg = Release|Any CPU
		{0A412433-C2CE-4EBE-BB5A-C3E48983E941}.Release|Any CPU.Build.0 = Release|Any CPU
		{8CFA59A5-5180-4466-A32E-507F3D541163}.Debug|Any CPU.ActiveCfg = Debug|Any CPU
		{8CFA59A5-5180-4466-A32E-507F3D541163}.Debug|Any CPU.Build.0 = Debug|Any CPU
		{8CFA59A5-5180-4466-A32E-507F3D541163}.Release|Any CPU.ActiveCfg = Release|Any CPU
		{8CFA59A5-5180-4466-A32E-507F3D541163}.Release|Any CPU.Build.0 = Release|Any CPU
	EndGlobalSection
	GlobalSection(SolutionProperties) = preSolution
		HideSolutionNode = FALSE
	EndGlobalSection
	GlobalSection(NestedProjects) = preSolution
		{D66CF910-FD29-429D-9B51-40864E7C8E56} = {001E5AA4-42C8-4AC3-B14A-AF1DFA02E9FB}
		{DA84A7A0-8042-4B2B-A000-3579DD419D2A} = {8B91532F-A112-4F73-80BD-A95B7359BBC3}
		{61566A7A-8384-4D8D-A55D-B8647B0DDF7C} = {001E5AA4-42C8-4AC3-B14A-AF1DFA02E9FB}
		{52031553-68D4-4B56-B5ED-867975972038} = {8B91532F-A112-4F73-80BD-A95B7359BBC3}
		{D316FA70-8563-4360-A60F-1A43F3FA30E5} = {8B91532F-A112-4F73-80BD-A95B7359BBC3}
		{78B3A2EE-DED6-45D7-BCE7-BF4B6FE03DF4} = {8B91532F-A112-4F73-80BD-A95B7359BBC3}
		{B0C3902D-9A89-434A-A618-42B8A10A539E} = {001E5AA4-42C8-4AC3-B14A-AF1DFA02E9FB}
		{30BDD61C-A94B-4558-BB58-E9EEC0B8B845} = {7D435EF2-8616-460D-82DB-EF4D74EEC459}
		{8CEB884A-A9A6-4974-AD2C-576AD7785474} = {7D435EF2-8616-460D-82DB-EF4D74EEC459}
		{0A412433-C2CE-4EBE-BB5A-C3E48983E941} = {8B91532F-A112-4F73-80BD-A95B7359BBC3}
		{8CFA59A5-5180-4466-A32E-507F3D541163} = {8B91532F-A112-4F73-80BD-A95B7359BBC3}
	EndGlobalSection
	GlobalSection(ExtensibilityGlobals) = postSolution
		SolutionGuid = {7F066A86-14D8-4A2C-848A-D4371BB704FA}
	EndGlobalSection
EndGlobal
